
Microsoft Visual Studio Solution File, Format Version 12.00
# Visual Studio Version 16
VisualStudioVersion = 16.0.32510.428
MinimumVisualStudioVersion = 10.0.40219.1
Project("{FAE04EC0-301F-11D3-BF4B-00C04F79EFBC}") = "Floorplans", "Floorplans\Floorplans.csproj", "{6EB98EB0-2E00-40FD-A2D6-DB158D16617E}"
EndProject
Global
	GlobalSection(SolutionConfigurationPlatforms) = preSolution
		Debug|Any CPU = Debug|Any CPU
		Release|Any CPU = Release|Any CPU
	EndGlobalSection
	GlobalSection(ProjectConfigurationPlatforms) = postSolution
		{6EB98EB0-2E00-40FD-A2D6-DB158D16617E}.Debug|Any CPU.ActiveCfg = Debug|Any CPU
		{6EB98EB0-2E00-40FD-A2D6-DB158D16617E}.Debug|Any CPU.Build.0 = Debug|Any CPU
		{6EB98EB0-2E00-40FD-A2D6-DB158D16617E}.Release|Any CPU.ActiveCfg = Release|Any CPU
		{6EB98EB0-2E00-40FD-A2D6-DB158D16617E}.Release|Any CPU.Build.0 = Release|Any CPU
	EndGlobalSection
	GlobalSection(SolutionProperties) = preSolution
		HideSolutionNode = FALSE
	EndGlobalSection
	GlobalSection(ExtensibilityGlobals) = postSolution
		SolutionGuid = {1E22E745-977D-4C81-9BC5-75B6F1E84460}
	EndGlobalSection
EndGlobal
